
Microsoft Visual Studio Solution File, Format Version 12.00
# Visual Studio 15
VisualStudioVersion = 15.0.28307.539
MinimumVisualStudioVersion = 10.0.40219.1
Project("{FAE04EC0-301F-11D3-BF4B-00C04F79EFBC}") = "MathLearnAPI", "MathLearnAPI\MathLearnAPI.csproj", "{0DF87A1F-F522-43FB-AA3A-EB335D0BFF7C}"
EndProject
Global
	GlobalSection(SolutionConfigurationPlatforms) = preSolution
		Debug|Any CPU = Debug|Any CPU
		Release|Any CPU = Release|Any CPU
	EndGlobalSection
	GlobalSection(ProjectConfigurationPlatforms) = postSolution
		{0DF87A1F-F522-43FB-AA3A-EB335D0BFF7C}.Debug|Any CPU.ActiveCfg = Debug|Any CPU
		{0DF87A1F-F522-43FB-AA3A-EB335D0BFF7C}.Debug|Any CPU.Build.0 = Debug|Any CPU
		{0DF87A1F-F522-43FB-AA3A-EB335D0BFF7C}.Release|Any CPU.ActiveCfg = Release|Any CPU
		{0DF87A1F-F522-43FB-AA3A-EB335D0BFF7C}.Release|Any CPU.Build.0 = Release|Any CPU
	EndGlobalSection
	GlobalSection(SolutionProperties) = preSolution
		HideSolutionNode = FALSE
	EndGlobalSection
	GlobalSection(ExtensibilityGlobals) = postSolution
		SolutionGuid = {FB03DC62-F4FA-41B7-9097-7E57E02C1419}
	EndGlobalSection
EndGlobal
